PODS:
  - IGListKit (3.4.0):
    - IGListKit/Default (= 3.4.0)
  - IGListKit/Default (3.4.0):
    - IGListKit/Diffing
  - IGListKit/Diffing (3.4.0)
  - Texture/Core (2.7)
  - Texture/IGListKit (2.7):
    - IGListKit (~> 3.0)
    - Texture/Core

DEPENDENCIES:
  - Texture/IGListKit

SPEC REPOS:
  https://github.com/cocoapods/specs.git:
    - IGListKit
    - Texture

SPEC CHECKSUMS:
  IGListKit: 7a5d788e9fb746bcd402baa8e8b24bc3bd2a5a07
  Texture: 9d7e38965cf22ccd7cd9c249dd78b3f14e70ab6c

PODFILE CHECKSUM: 380f593f1f65be900399417be8cb50558c393578

COCOAPODS: 1.5.2
