PODS:
  - IGListKit (3.4.0):
    - IGListKit/Default (= 3.4.0)
  - IGListKit/Default (3.4.0):
    - IGListKit/Diffing
  - IGListKit/Diffing (3.4.0)
  - Texture/Core (2.8.1)
  - Texture/IGListKit (2.8.1):
    - IGListKit (~> 3.0)
    - Texture/Core

DEPENDENCIES:
  - Texture/IGListKit

SPEC REPOS:
  https://github.com/cocoapods/specs.git:
    - IGListKit
    - Texture

SPEC CHECKSUMS:
  IGListKit: 7a5d788e9fb746bcd402baa8e8b24bc3bd2a5a07
  Texture: 8ecf6984065a1e54f06bf97b349ecca28582acd7

PODFILE CHECKSUM: fbdc42ff35e465b5f2d0031d9a59493fadc842da

COCOAPODS: 1.6.1
